
Microsoft Visual Studio Solution File, Format Version 12.00
# Visual Studio Version 16
VisualStudioVersion = 16.0.30114.105
MinimumVisualStudioVersion = 10.0.40219.1
Project("{FAE04EC0-301F-11D3-BF4B-00C04F79EFBC}") = "WebApplication2", "WebApplication2\WebApplication2.csproj", "{2E624C52-4A64-4018-ADCF-80B815DEFBAA}"
EndProject
Global
	GlobalSection(SolutionConfigurationPlatforms) = preSolution
		Debug|Any CPU = Debug|Any CPU
		Release|Any CPU = Release|Any CPU
	EndGlobalSection
	GlobalSection(ProjectConfigurationPlatforms) = postSolution
		{2E624C52-4A64-4018-ADCF-80B815DEFBAA}.Debug|Any CPU.ActiveCfg = Debug|Any CPU
		{2E624C52-4A64-4018-ADCF-80B815DEFBAA}.Debug|Any CPU.Build.0 = Debug|Any CPU
		{2E624C52-4A64-4018-ADCF-80B815DEFBAA}.Release|Any CPU.ActiveCfg = Release|Any CPU
		{2E624C52-4A64-4018-ADCF-80B815DEFBAA}.Release|Any CPU.Build.0 = Release|Any CPU
	EndGlobalSection
	GlobalSection(SolutionProperties) = preSolution
		HideSolutionNode = FALSE
	EndGlobalSection
	GlobalSection(ExtensibilityGlobals) = postSolution
		SolutionGuid = {7CC6C1C3-AAA0-4F13-890D-FA75BC983801}
	EndGlobalSection
EndGlobal
